
Microsoft Visual Studio Solution File, Format Version 12.00
# Visual Studio Version 17
VisualStudioVersion = 17.7.34024.191
MinimumVisualStudioVersion = 10.0.40219.1
Project("{888888A0-9F3D-457C-B088-3A5042F75D52}") = "FASTAPI", "FASTAPI.pyproj", "{3DAF30BD-5FBE-4D7F-82EA-1283EE380E44}"
EndProject
Global
	GlobalSection(SolutionConfigurationPlatforms) = preSolution
		Debug|Any CPU = Debug|Any CPU
		Release|Any CPU = Release|Any CPU
	EndGlobalSection
	GlobalSection(ProjectConfigurationPlatforms) = postSolution
		{3DAF30BD-5FBE-4D7F-82EA-1283EE380E44}.Debug|Any CPU.ActiveCfg = Debug|Any CPU
		{3DAF30BD-5FBE-4D7F-82EA-1283EE380E44}.Release|Any CPU.ActiveCfg = Release|Any CPU
	EndGlobalSection
	GlobalSection(SolutionProperties) = preSolution
		HideSolutionNode = FALSE
	EndGlobalSection
	GlobalSection(ExtensibilityGlobals) = postSolution
		SolutionGuid = {F2D3841C-ACA0-4662-809E-7ACAC8EC23E4}
	EndGlobalSection
EndGlobal
